{
    "_meta": {
        "hash": {
            "sha256": "83253510c8898d112a9cfbfef7cf3c87399aa27af686308d4d67fd9f320b7d40"
        },
        "pipfile-spec": 6,
        "requires": {
            "python_full_version": "3.13.1",
            "python_version": "3.13"
        },
        "sources": [
            {
                "name": "pypi",
                "url": "https://pypi.org/simple",
                "verify_ssl": true
            }
        ]
    },
    "default": {
        "mongomock": {
            "hashes": [
                "sha256:32667b79066fabc12d4f17f16a8fd7361b5f4435208b3ba32c226e52212a8c30",
                "sha256:5ef86bd12fc8806c6e7af32f21266c61b6c4ba96096f85129852d1c4fec1327e"
            ],
            "index": "pypi",
            "version": "==4.3.0"
        },
        "packaging": {
            "hashes": [
                "sha256:09abb1bccd265c01f4a3aa3f7a7db064b36514d2cba19a2f694fe6150451a759",
                "sha256:c228a6dc5e932d346bc5739379109d49e8853dd8223571c7c5b55260edc0b97f"
            ],
            "markers": "python_version >= '3.8'",
            "version": "==24.2"
        },
        "pytz": {
            "hashes": [
                "sha256:360b9e3dbb49a209c21ad61809c7fb453643e048b38924c765813546746e81c3",
                "sha256:5ddf76296dd8c44c26eb8f4b6f35488f3ccbf6fbbd7adee0b7262d43f0ec2f00"
            ],
            "version": "==2025.2"
        },
        "sentinels": {
            "hashes": [
                "sha256:7be0704d7fe1925e397e92d18669ace2f619c92b5d4eb21a89f31e026f9ff4b1"
            ],
            "version": "==1.0.0"
        }
    },
    "develop": {}
}
